
Microsoft Visual Studio Solution File, Format Version 12.00
# Visual Studio Version 17
VisualStudioVersion = 17.7.34202.233
MinimumVisualStudioVersion = 10.0.40219.1
Project("{FAE04EC0-301F-11D3-BF4B-00C04F79EFBC}") = "BodegaHerramientas", "BodegaHerramientas.csproj", "{7D0708D6-1737-4447-A9DE-03C11C6FD40E}"
EndProject
Global
	GlobalSection(SolutionConfigurationPlatforms) = preSolution
		Debug|Any CPU = Debug|Any CPU
		Release|Any CPU = Release|Any CPU
	EndGlobalSection
	GlobalSection(ProjectConfigurationPlatforms) = postSolution
		{7D0708D6-1737-4447-A9DE-03C11C6FD40E}.Debug|Any CPU.ActiveCfg = Debug|Any CPU
		{7D0708D6-1737-4447-A9DE-03C11C6FD40E}.Debug|Any CPU.Build.0 = Debug|Any CPU
		{7D0708D6-1737-4447-A9DE-03C11C6FD40E}.Release|Any CPU.ActiveCfg = Release|Any CPU
		{7D0708D6-1737-4447-A9DE-03C11C6FD40E}.Release|Any CPU.Build.0 = Release|Any CPU
	EndGlobalSection
	GlobalSection(SolutionProperties) = preSolution
		HideSolutionNode = FALSE
	EndGlobalSection
	GlobalSection(ExtensibilityGlobals) = postSolution
		SolutionGuid = {8A956855-05BC-4B31-826B-7F081A7926FC}
	EndGlobalSection
EndGlobal
